# This file is autogenerated, do not edit; changes may be undone by the next 'dep ensure'.


[[projects]]
  name = "github.com/esimov/triangle"
  packages = ["."]
  revision = "816cedc2a7478d1a4e4226347ee4c8f07e78dc66"
  version = "v1.0.0"

[solve-meta]
  analyzer-name = "dep"
  analyzer-version = 1
  inputs-digest = "82088cf4a68dc77b73eb706aa30e279e1cd47492ecbeee07613554de54a2756e"
  solver-name = "gps-cdcl"
  solver-version = 1
